
Microsoft Visual Studio Solution File, Format Version 12.00
# Visual Studio Version 17
VisualStudioVersion = 17.11.35327.3
MinimumVisualStudioVersion = 10.0.40219.1
Project("{00D1A9C2-B5F0-4AF3-8072-F6C62B433612}") = "Bless.Booking.DB", "Bless.Booking.DB\Bless.Booking.DB.sqlproj", "{B1DA6D4B-3798-4152-81BC-BC7C821CDE4F}"
EndProject
Global
	GlobalSection(SolutionConfigurationPlatforms) = preSolution
		Debug|Any CPU = Debug|Any CPU
		Release|Any CPU = Release|Any CPU
	EndGlobalSection
	GlobalSection(ProjectConfigurationPlatforms) = postSolution
		{B1DA6D4B-3798-4152-81BC-BC7C821CDE4F}.Debug|Any CPU.ActiveCfg = Debug|Any CPU
		{B1DA6D4B-3798-4152-81BC-BC7C821CDE4F}.Debug|Any CPU.Build.0 = Debug|Any CPU
		{B1DA6D4B-3798-4152-81BC-BC7C821CDE4F}.Debug|Any CPU.Deploy.0 = Debug|Any CPU
		{B1DA6D4B-3798-4152-81BC-BC7C821CDE4F}.Release|Any CPU.ActiveCfg = Release|Any CPU
		{B1DA6D4B-3798-4152-81BC-BC7C821CDE4F}.Release|Any CPU.Build.0 = Release|Any CPU
		{B1DA6D4B-3798-4152-81BC-BC7C821CDE4F}.Release|Any CPU.Deploy.0 = Release|Any CPU
	EndGlobalSection
	GlobalSection(SolutionProperties) = preSolution
		HideSolutionNode = FALSE
	EndGlobalSection
	GlobalSection(ExtensibilityGlobals) = postSolution
		SolutionGuid = {F2DB518A-DB30-4EA2-BADD-60ABB314CCEF}
	EndGlobalSection
EndGlobal
